// !$*UTF8*$!
{
	archiveVersion = 1;
	classes = {
	};
	objectVersion = 48;
	objects = {

/* Begin PBXBuildFile section */
		D29B1C64200C404900E37C21 /* HJVideoPlayerTests.m in Sources */ = {isa = PBXBuildFile; fileRef = D29B1C63200C404900E37C21 /* HJVideoPlayerTests.m */; };
		D29B1C6F200C404900E37C21 /* HJVideoPlayerUITests.m in Sources */ = {isa = PBXBuildFile; fileRef = D29B1C6E200C404900E37C21 /* HJVideoPlayerUITests.m */; };
		D29B1CAF200C41BE00E37C21 /* Assets.xcassets in Resources */ = {isa = PBXBuildFile; fileRef = D29B1C84200C41BE00E37C21 /* Assets.xcassets */; };
		D29B1CB1200C41BE00E37C21 /* main.m in Sources */ = {isa = PBXBuildFile; fileRef = D29B1C86200C41BE00E37C21 /* main.m */; };
		D29B1CB6200C41BE00E37C21 /* Info.plist in Resources */ = {isa = PBXBuildFile; fileRef = D29B1C91200C41BE00E37C21 /* Info.plist */; };
		D2B1A9152022E53A00619703 /* ViewController.m in Sources */ = {isa = PBXBuildFile; fileRef = D2B1A9112022E53A00619703 /* ViewController.m */; };
		D2B1A9162022E53A00619703 /* HJVideoListController.m in Sources */ = {isa = PBXBuildFile; fileRef = D2B1A9122022E53A00619703 /* HJVideoListController.m */; };
		D2B1A9172022E53A00619703 /* AppDelegate.m in Sources */ = {isa = PBXBuildFile; fileRef = D2B1A9132022E53A00619703 /* AppDelegate.m */; };
		D2B1A9B520243D7E00619703 /* videoImages.bundle in Resources */ = {isa = PBXBuildFile; fileRef = D2B1A98820243D7E00619703 /* videoImages.bundle */; };
		D2B1A9B620243D7E00619703 /* HJVideoAssets.xcassets in Resources */ = {isa = PBXBuildFile; fileRef = D2B1A98920243D7E00619703 /* HJVideoAssets.xcassets */; };
		D2B1A9B720243D7E00619703 /* HJViewFactory.m in Sources */ = {isa = PBXBuildFile; fileRef = D2B1A98B20243D7E00619703 /* HJViewFactory.m */; };
		D2B1A9B820243D7E00619703 /* HJVideoTimeUtil.m in Sources */ = {isa = PBXBuildFile; fileRef = D2B1A98C20243D7E00619703 /* HJVideoTimeUtil.m */; };
		D2B1A9B920243D7E00619703 /* UIDevice+HJVideoRotation.m in Sources */ = {isa = PBXBuildFile; fileRef = D2B1A98E20243D7E00619703 /* UIDevice+HJVideoRotation.m */; };
		D2B1A9BA20243D7E00619703 /* AppDelegate+HJVideoRotation.m in Sources */ = {isa = PBXBuildFile; fileRef = D2B1A99220243D7E00619703 /* AppDelegate+HJVideoRotation.m */; };
		D2B1A9BB20243D7E00619703 /* HJVideoPlayerUtil.m in Sources */ = {isa = PBXBuildFile; fileRef = D2B1A99420243D7E00619703 /* HJVideoPlayerUtil.m */; };
		D2B1A9BC20243D7E00619703 /* HJVideoUIManager.m in Sources */ = {isa = PBXBuildFile; fileRef = D2B1A99720243D7E00619703 /* HJVideoUIManager.m */; };
		D2B1A9BD20243D7E00619703 /* HJVideoPlayManager.m in Sources */ = {isa = PBXBuildFile; fileRef = D2B1A99A20243D7E00619703 /* HJVideoPlayManager.m */; };
		D2B1A9BE20243D7E00619703 /* UIImage+getImage.m in Sources */ = {isa = PBXBuildFile; fileRef = D2B1A99B20243D7E00619703 /* UIImage+getImage.m */; };
		D2B1A9BF20243D7E00619703 /* HJVideoConfigModel.m in Sources */ = {isa = PBXBuildFile; fileRef = D2B1A99E20243D7E00619703 /* HJVideoConfigModel.m */; };
		D2B1A9C020243D7E00619703 /* HJVideoPlayTimeRecord.m in Sources */ = {isa = PBXBuildFile; fileRef = D2B1A9A120243D7E00619703 /* HJVideoPlayTimeRecord.m */; };
		D2B1A9C120243D7E00619703 /* HJVideoMaskView.m in Sources */ = {isa = PBXBuildFile; fileRef = D2B1A9A320243D7E00619703 /* HJVideoMaskView.m */; };
		D2B1A9C220243D7E00619703 /* HJFastForwardView.m in Sources */ = {isa = PBXBuildFile; fileRef = D2B1A9A520243D7E00619703 /* HJFastForwardView.m */; };
		D2B1A9C320243D7E00619703 /* HJVideoSettingView.m in Sources */ = {isa = PBXBuildFile; fileRef = D2B1A9A820243D7E00619703 /* HJVideoSettingView.m */; };
		D2B1A9C420243D7E00619703 /* HJCircleLoading.m in Sources */ = {isa = PBXBuildFile; fileRef = D2B1A9A920243D7E00619703 /* HJCircleLoading.m */; };
		D2B1A9C520243D7E00619703 /* HJVideoPlayerController.m in Sources */ = {isa = PBXBuildFile; fileRef = D2B1A9AA20243D7E00619703 /* HJVideoPlayerController.m */; };
		D2B1A9C620243D7E00619703 /* HJPlayerView.m in Sources */ = {isa = PBXBuildFile; fileRef = D2B1A9AC20243D7E00619703 /* HJPlayerView.m */; };
		D2B1A9C720243D7E00619703 /* HJBufferSlider.m in Sources */ = {isa = PBXBuildFile; fileRef = D2B1A9AE20243D7E00619703 /* HJBufferSlider.m */; };
		D2B1A9C820243D7E00619703 /* HJVideoBottomView.m in Sources */ = {isa = PBXBuildFile; fileRef = D2B1A9B020243D7E00619703 /* HJVideoBottomView.m */; };
		D2B1A9C920243D7E00619703 /* HJVideoTopView.m in Sources */ = {isa = PBXBuildFile; fileRef = D2B1A9B220243D7E00619703 /* HJVideoTopView.m */; };
/* End PBXBuildFile section */

/* Begin PBXContainerItemProxy section */
		D29B1C60200C404900E37C21 /* PBXContainerItemProxy */ = {
			isa = PBXContainerItemProxy;
			containerPortal = D29B1C3F200C404900E37C21 /* Project object */;
			proxyType = 1;
			remoteGlobalIDString = D29B1C46200C404900E37C21;
			remoteInfo = HJVideoPlayer;
		};
		D29B1C6B200C404900E37C21 /* PBXContainerItemProxy */ = {
			isa = PBXContainerItemProxy;
			containerPortal = D29B1C3F200C404900E37C21 /* Project object */;
			proxyType = 1;
			remoteGlobalIDString = D29B1C46200C404900E37C21;
			remoteInfo = HJVideoPlayer;
		};
/* End PBXContainerItemProxy section */

/* Begin PBXFileReference section */
		D29B1C47200C404900E37C21 /* HJVideoPlayer.app */ = {isa = PBXFileReference; explicitFileType = wrapper.application; includeInIndex = 0; path = HJVideoPlayer.app; sourceTree = BUILT_PRODUCTS_DIR; };
		D29B1C5F200C404900E37C21 /* HJVideoPlayerTests.xctest */ = {isa = PBXFileReference; explicitFileType = wrapper.cfbundle; includeInIndex = 0; path = HJVideoPlayerTests.xctest; sourceTree = BUILT_PRODUCTS_DIR; };
		D29B1C63200C404900E37C21 /* HJVideoPlayerTests.m */ = {isa = PBXFileReference; lastKnownFileType = sourcecode.c.objc; path = HJVideoPlayerTests.m; sourceTree = "<group>"; };
		D29B1C65200C404900E37C21 /* Info.plist */ = {isa = PBXFileReference; lastKnownFileType = text.plist.xml; path = Info.plist; sourceTree = "<group>"; };
		D29B1C6A200C404900E37C21 /* HJVideoPlayerUITests.xctest */ = {isa = PBXFileReference; explicitFileType = wrapper.cfbundle; includeInIndex = 0; path = HJVideoPlayerUITests.xctest; sourceTree = BUILT_PRODUCTS_DIR; };
		D29B1C6E200C404900E37C21 /* HJVideoPlayerUITests.m */ = {isa = PBXFileReference; lastKnownFileType = sourcecode.c.objc; path = HJVideoPlayerUITests.m; sourceTree = "<group>"; };
		D29B1C70200C404900E37C21 /* Info.plist */ = {isa = PBXFileReference; lastKnownFileType = text.plist.xml; path = Info.plist; sourceTree = "<group>"; };
		D29B1C84200C41BE00E37C21 /* Assets.xcassets */ = {isa = PBXFileReference; lastKnownFileType = folder.assetcatalog; path = Assets.xcassets; sourceTree = "<group>"; };
		D29B1C86200C41BE00E37C21 /* main.m */ = {isa = PBXFileReference; fileEncoding = 4; lastKnownFileType = sourcecode.c.objc; path = main.m; sourceTree = "<group>"; };
		D29B1C91200C41BE00E37C21 /* Info.plist */ = {isa = PBXFileReference; fileEncoding = 4; lastKnownFileType = text.plist.xml; path = Info.plist; sourceTree = "<group>"; };
		D2B1A90F2022E53A00619703 /* AppDelegate.h */ = {isa = PBXFileReference; fileEncoding = 4; lastKnownFileType = sourcecode.c.h; path = AppDelegate.h; sourceTree = "<group>"; };
		D2B1A9102022E53A00619703 /* HJVideoListController.h */ = {isa = PBXFileReference; fileEncoding = 4; lastKnownFileType = sourcecode.c.h; path = HJVideoListController.h; sourceTree = "<group>"; };
		D2B1A9112022E53A00619703 /* ViewController.m */ = {isa = PBXFileReference; fileEncoding = 4; lastKnownFileType = sourcecode.c.objc; path = ViewController.m; sourceTree = "<group>"; };
		D2B1A9122022E53A00619703 /* HJVideoListController.m */ = {isa = PBXFileReference; fileEncoding = 4; lastKnownFileType = sourcecode.c.objc; path = HJVideoListController.m; sourceTree = "<group>"; };
		D2B1A9132022E53A00619703 /* AppDelegate.m */ = {isa = PBXFileReference; fileEncoding = 4; lastKnownFileType = sourcecode.c.objc; path = AppDelegate.m; sourceTree = "<group>"; };
		D2B1A9142022E53A00619703 /* ViewController.h */ = {isa = PBXFileReference; fileEncoding = 4; lastKnownFileType = sourcecode.c.h; path = ViewController.h; sourceTree = "<group>"; };
		D2B1A98620243D7E00619703 /* HJVideoPlayerHeader.h */ = {isa = PBXFileReference; fileEncoding = 4; lastKnownFileType = sourcecode.c.h; path = HJVideoPlayerHeader.h; sourceTree = "<group>"; };
		D2B1A98820243D7E00619703 /* videoImages.bundle */ = {isa = PBXFileReference; lastKnownFileType = "wrapper.plug-in"; path = videoImages.bundle; sourceTree = "<group>"; };
		D2B1A98920243D7E00619703 /* HJVideoAssets.xcassets */ = {isa = PBXFileReference; lastKnownFileType = folder.assetcatalog; path = HJVideoAssets.xcassets; sourceTree = "<group>"; };
		D2B1A98B20243D7E00619703 /* HJViewFactory.m */ = {isa = PBXFileReference; fileEncoding = 4; lastKnownFileType = sourcecode.c.objc; path = HJViewFactory.m; sourceTree = "<group>"; };
		D2B1A98C20243D7E00619703 /* HJVideoTimeUtil.m */ = {isa = PBXFileReference; fileEncoding = 4; lastKnownFileType = sourcecode.c.objc; path = HJVideoTimeUtil.m; sourceTree = "<group>"; };
		D2B1A98D20243D7E00619703 /* HJVideoPlayerUtil.h */ = {isa = PBXFileReference; fileEncoding = 4; lastKnownFileType = sourcecode.c.h; path = HJVideoPlayerUtil.h; sourceTree = "<group>"; };
		D2B1A98E20243D7E00619703 /* UIDevice+HJVideoRotation.m */ = {isa = PBXFileReference; fileEncoding = 4; lastKnownFileType = sourcecode.c.objc; path = "UIDevice+HJVideoRotation.m"; sourceTree = "<group>"; };
		D2B1A98F20243D7E00619703 /* HJVideoUIManager.h */ = {isa = PBXFileReference; fileEncoding = 4; lastKnownFileType = sourcecode.c.h; path = HJVideoUIManager.h; sourceTree = "<group>"; };
		D2B1A99020243D7E00619703 /* HJVideoConst.h */ = {isa = PBXFileReference; fileEncoding = 4; lastKnownFileType = sourcecode.c.h; path = HJVideoConst.h; sourceTree = "<group>"; };
		D2B1A99120243D7E00619703 /* HJVideoPlayManager.h */ = {isa = PBXFileReference; fileEncoding = 4; lastKnownFileType = sourcecode.c.h; path = HJVideoPlayManager.h; sourceTree = "<group>"; };
		D2B1A99220243D7E00619703 /* AppDelegate+HJVideoRotation.m */ = {isa = PBXFileReference; fileEncoding = 4; lastKnownFileType = sourcecode.c.objc; path = "AppDelegate+HJVideoRotation.m"; sourceTree = "<group>"; };
		D2B1A99320243D7E00619703 /* UIImage+getImage.h */ = {isa = PBXFileReference; fileEncoding = 4; lastKnownFileType = sourcecode.c.h; path = "UIImage+getImage.h"; sourceTree = "<group>"; };
		D2B1A99420243D7E00619703 /* HJVideoPlayerUtil.m */ = {isa = PBXFileReference; fileEncoding = 4; lastKnownFileType = sourcecode.c.objc; path = HJVideoPlayerUtil.m; sourceTree = "<group>"; };
		D2B1A99520243D7E00619703 /* HJVideoTimeUtil.h */ = {isa = PBXFileReference; fileEncoding = 4; lastKnownFileType = sourcecode.c.h; path = HJVideoTimeUtil.h; sourceTree = "<group>"; };
		D2B1A99620243D7E00619703 /* HJViewFactory.h */ = {isa = PBXFileReference; fileEncoding = 4; lastKnownFileType = sourcecode.c.h; path = HJViewFactory.h; sourceTree = "<group>"; };
		D2B1A99720243D7E00619703 /* HJVideoUIManager.m */ = {isa = PBXFileReference; fileEncoding = 4; lastKnownFileType = sourcecode.c.objc; path = HJVideoUIManager.m; sourceTree = "<group>"; };
		D2B1A99820243D7E00619703 /* UIDevice+HJVideoRotation.h */ = {isa = PBXFileReference; fileEncoding = 4; lastKnownFileType = sourcecode.c.h; path = "UIDevice+HJVideoRotation.h"; sourceTree = "<group>"; };
		D2B1A99920243D7E00619703 /* HJSingletonService.h */ = {isa = PBXFileReference; fileEncoding = 4; lastKnownFileType = sourcecode.c.h; path = HJSingletonService.h; sourceTree = "<group>"; };
		D2B1A99A20243D7E00619703 /* HJVideoPlayManager.m */ = {isa = PBXFileReference; fileEncoding = 4; lastKnownFileType = sourcecode.c.objc; path = HJVideoPlayManager.m; sourceTree = "<group>"; };
		D2B1A99B20243D7E00619703 /* UIImage+getImage.m */ = {isa = PBXFileReference; fileEncoding = 4; lastKnownFileType = sourcecode.c.objc; path = "UIImage+getImage.m"; sourceTree = "<group>"; };
		D2B1A99C20243D7E00619703 /* AppDelegate+HJVideoRotation.h */ = {isa = PBXFileReference; fileEncoding = 4; lastKnownFileType = sourcecode.c.h; path = "AppDelegate+HJVideoRotation.h"; sourceTree = "<group>"; };
		D2B1A99E20243D7E00619703 /* HJVideoConfigModel.m */ = {isa = PBXFileReference; fileEncoding = 4; lastKnownFileType = sourcecode.c.objc; path = HJVideoConfigModel.m; sourceTree = "<group>"; };
		D2B1A99F20243D7E00619703 /* HJVideoPlayTimeRecord.h */ = {isa = PBXFileReference; fileEncoding = 4; lastKnownFileType = sourcecode.c.h; path = HJVideoPlayTimeRecord.h; sourceTree = "<group>"; };
		D2B1A9A020243D7E00619703 /* HJVideoConfigModel.h */ = {isa = PBXFileReference; fileEncoding = 4; lastKnownFileType = sourcecode.c.h; path = HJVideoConfigModel.h; sourceTree = "<group>"; };
		D2B1A9A120243D7E00619703 /* HJVideoPlayTimeRecord.m */ = {isa = PBXFileReference; fileEncoding = 4; lastKnownFileType = sourcecode.c.objc; path = HJVideoPlayTimeRecord.m; sourceTree = "<group>"; };
		D2B1A9A320243D7E00619703 /* HJVideoMaskView.m */ = {isa = PBXFileReference; fileEncoding = 4; lastKnownFileType = sourcecode.c.objc; path = HJVideoMaskView.m; sourceTree = "<group>"; };
		D2B1A9A420243D7E00619703 /* HJBufferSlider.h */ = {isa = PBXFileReference; fileEncoding = 4; lastKnownFileType = sourcecode.c.h; path = HJBufferSlider.h; sourceTree = "<group>"; };
		D2B1A9A520243D7E00619703 /* HJFastForwardView.m */ = {isa = PBXFileReference; fileEncoding = 4; lastKnownFileType = sourcecode.c.objc; path = HJFastForwardView.m; sourceTree = "<group>"; };
		D2B1A9A620243D7E00619703 /* HJPlayerView.h */ = {isa = PBXFileReference; fileEncoding = 4; lastKnownFileType = sourcecode.c.h; path = HJPlayerView.h; sourceTree = "<group>"; };
		D2B1A9A720243D7E00619703 /* HJVideoBottomView.h */ = {isa = PBXFileReference; fileEncoding = 4; lastKnownFileType = sourcecode.c.h; path = HJVideoBottomView.h; sourceTree = "<group>"; };
		D2B1A9A820243D7E00619703 /* HJVideoSettingView.m */ = {isa = PBXFileReference; fileEncoding = 4; lastKnownFileType = sourcecode.c.objc; path = HJVideoSettingView.m; sourceTree = "<group>"; };
		D2B1A9A920243D7E00619703 /* HJCircleLoading.m */ = {isa = PBXFileReference; fileEncoding = 4; lastKnownFileType = sourcecode.c.objc; path = HJCircleLoading.m; sourceTree = "<group>"; };
		D2B1A9AA20243D7E00619703 /* HJVideoPlayerController.m */ = {isa = PBXFileReference; fileEncoding = 4; lastKnownFileType = sourcecode.c.objc; path = HJVideoPlayerController.m; sourceTree = "<group>"; };
		D2B1A9AB20243D7E00619703 /* HJVideoTopView.h */ = {isa = PBXFileReference; fileEncoding = 4; lastKnownFileType = sourcecode.c.h; path = HJVideoTopView.h; sourceTree = "<group>"; };
		D2B1A9AC20243D7E00619703 /* HJPlayerView.m */ = {isa = PBXFileReference; fileEncoding = 4; lastKnownFileType = sourcecode.c.objc; path = HJPlayerView.m; sourceTree = "<group>"; };
		D2B1A9AD20243D7E00619703 /* HJFastForwardView.h */ = {isa = PBXFileReference; fileEncoding = 4; lastKnownFileType = sourcecode.c.h; path = HJFastForwardView.h; sourceTree = "<group>"; };
		D2B1A9AE20243D7E00619703 /* HJBufferSlider.m */ = {isa = PBXFileReference; fileEncoding = 4; lastKnownFileType = sourcecode.c.objc; path = HJBufferSlider.m; sourceTree = "<group>"; };
		D2B1A9AF20243D7E00619703 /* HJVideoMaskView.h */ = {isa = PBXFileReference; fileEncoding = 4; lastKnownFileType = sourcecode.c.h; path = HJVideoMaskView.h; sourceTree = "<group>"; };
		D2B1A9B020243D7E00619703 /* HJVideoBottomView.m */ = {isa = PBXFileReference; fileEncoding = 4; lastKnownFileType = sourcecode.c.objc; path = HJVideoBottomView.m; sourceTree = "<group>"; };
		D2B1A9B120243D7E00619703 /* HJVideoSettingView.h */ = {isa = PBXFileReference; fileEncoding = 4; lastKnownFileType = sourcecode.c.h; path = HJVideoSettingView.h; sourceTree = "<group>"; };
		D2B1A9B220243D7E00619703 /* HJVideoTopView.m */ = {isa = PBXFileReference; fileEncoding = 4; lastKnownFileType = sourcecode.c.objc; path = HJVideoTopView.m; sourceTree = "<group>"; };
		D2B1A9B320243D7E00619703 /* HJCircleLoading.h */ = {isa = PBXFileReference; fileEncoding = 4; lastKnownFileType = sourcecode.c.h; path = HJCircleLoading.h; sourceTree = "<group>"; };
		D2B1A9B420243D7E00619703 /* HJVideoPlayerController.h */ = {isa = PBXFileReference; fileEncoding = 4; lastKnownFileType = sourcecode.c.h; path = HJVideoPlayerController.h; sourceTree = "<group>"; };
/* End PBXFileReference section */

/* Begin PBXFrameworksBuildPhase section */
		D29B1C44200C404900E37C21 /* Frameworks */ = {
			isa = PBXFrameworksBuildPhase;
			buildActionMask = 2147483647;
			files = (
			);
			runOnlyForDeploymentPostprocessing = 0;
		};
		D29B1C5C200C404900E37C21 /* Frameworks */ = {
			isa = PBXFrameworksBuildPhase;
			buildActionMask = 2147483647;
			files = (
			);
			runOnlyForDeploymentPostprocessing = 0;
		};
		D29B1C67200C404900E37C21 /* Frameworks */ = {
			isa = PBXFrameworksBuildPhase;
			buildActionMask = 2147483647;
			files = (
			);
			runOnlyForDeploymentPostprocessing = 0;
		};
/* End PBXFrameworksBuildPhase section */

/* Begin PBXGroup section */
		D29B1C3E200C404900E37C21 = {
			isa = PBXGroup;
			children = (
				D29B1C7C200C41BD00E37C21 /* HJVideoPlayer */,
				D29B1C62200C404900E37C21 /* HJVideoPlayerTests */,
				D29B1C6D200C404900E37C21 /* HJVideoPlayerUITests */,
				D29B1C48200C404900E37C21 /* Products */,
			);
			sourceTree = "<group>";
		};
		D29B1C48200C404900E37C21 /* Products */ = {
			isa = PBXGroup;
			children = (
				D29B1C47200C404900E37C21 /* HJVideoPlayer.app */,
				D29B1C5F200C404900E37C21 /* HJVideoPlayerTests.xctest */,
				D29B1C6A200C404900E37C21 /* HJVideoPlayerUITests.xctest */,
			);
			name = Products;
			sourceTree = "<group>";
		};
		D29B1C62200C404900E37C21 /* HJVideoPlayerTests */ = {
			isa = PBXGroup;
			children = (
				D29B1C63200C404900E37C21 /* HJVideoPlayerTests.m */,
				D29B1C65200C404900E37C21 /* Info.plist */,
			);
			path = HJVideoPlayerTests;
			sourceTree = "<group>";
		};
		D29B1C6D200C404900E37C21 /* HJVideoPlayerUITests */ = {
			isa = PBXGroup;
			children = (
				D29B1C6E200C404900E37C21 /* HJVideoPlayerUITests.m */,
				D29B1C70200C404900E37C21 /* Info.plist */,
			);
			path = HJVideoPlayerUITests;
			sourceTree = "<group>";
		};
		D29B1C7C200C41BD00E37C21 /* HJVideoPlayer */ = {
			isa = PBXGroup;
			children = (
				D2B1A98520243D7E00619703 /* VideoClass */,
				D2B1A90E2022E53A00619703 /* ExampleDemo */,
				D29B1C84200C41BE00E37C21 /* Assets.xcassets */,
				D29B1C91200C41BE00E37C21 /* Info.plist */,
				D29B1C86200C41BE00E37C21 /* main.m */,
			);
			path = HJVideoPlayer;
			sourceTree = "<group>";
		};
		D2B1A90E2022E53A00619703 /* ExampleDemo */ = {
			isa = PBXGroup;
			children = (
				D2B1A9142022E53A00619703 /* ViewController.h */,
				D2B1A9112022E53A00619703 /* ViewController.m */,
				D2B1A9102022E53A00619703 /* HJVideoListController.h */,
				D2B1A9122022E53A00619703 /* HJVideoListController.m */,
				D2B1A90F2022E53A00619703 /* AppDelegate.h */,
				D2B1A9132022E53A00619703 /* AppDelegate.m */,
			);
			path = ExampleDemo;
			sourceTree = "<group>";
		};
		D2B1A98520243D7E00619703 /* VideoClass */ = {
			isa = PBXGroup;
			children = (
				D2B1A98620243D7E00619703 /* HJVideoPlayerHeader.h */,
				D2B1A98720243D7E00619703 /* Resources */,
				D2B1A98920243D7E00619703 /* HJVideoAssets.xcassets */,
				D2B1A98A20243D7E00619703 /* Others */,
				D2B1A99D20243D7E00619703 /* Models */,
				D2B1A9A220243D7E00619703 /* Views */,
			);
			path = VideoClass;
			sourceTree = "<group>";
		};
		D2B1A98720243D7E00619703 /* Resources */ = {
			isa = PBXGroup;
			children = (
				D2B1A98820243D7E00619703 /* videoImages.bundle */,
			);
			path = Resources;
			sourceTree = "<group>";
		};
		D2B1A98A20243D7E00619703 /* Others */ = {
			isa = PBXGroup;
			children = (
				D2B1A98B20243D7E00619703 /* HJViewFactory.m */,
				D2B1A98C20243D7E00619703 /* HJVideoTimeUtil.m */,
				D2B1A98D20243D7E00619703 /* HJVideoPlayerUtil.h */,
				D2B1A98E20243D7E00619703 /* UIDevice+HJVideoRotation.m */,
				D2B1A98F20243D7E00619703 /* HJVideoUIManager.h */,
				D2B1A99020243D7E00619703 /* HJVideoConst.h */,
				D2B1A99120243D7E00619703 /* HJVideoPlayManager.h */,
				D2B1A99220243D7E00619703 /* AppDelegate+HJVideoRotation.m */,
				D2B1A99320243D7E00619703 /* UIImage+getImage.h */,
				D2B1A99420243D7E00619703 /* HJVideoPlayerUtil.m */,
				D2B1A99520243D7E00619703 /* HJVideoTimeUtil.h */,
				D2B1A99620243D7E00619703 /* HJViewFactory.h */,
				D2B1A99720243D7E00619703 /* HJVideoUIManager.m */,
				D2B1A99820243D7E00619703 /* UIDevice+HJVideoRotation.h */,
				D2B1A99920243D7E00619703 /* HJSingletonService.h */,
				D2B1A99A20243D7E00619703 /* HJVideoPlayManager.m */,
				D2B1A99B20243D7E00619703 /* UIImage+getImage.m */,
				D2B1A99C20243D7E00619703 /* AppDelegate+HJVideoRotation.h */,
			);
			path = Others;
			sourceTree = "<group>";
		};
		D2B1A99D20243D7E00619703 /* Models */ = {
			isa = PBXGroup;
			children = (
				D2B1A99E20243D7E00619703 /* HJVideoConfigModel.m */,
				D2B1A99F20243D7E00619703 /* HJVideoPlayTimeRecord.h */,
				D2B1A9A020243D7E00619703 /* HJVideoConfigModel.h */,
				D2B1A9A120243D7E00619703 /* HJVideoPlayTimeRecord.m */,
			);
			path = Models;
			sourceTree = "<group>";
		};
		D2B1A9A220243D7E00619703 /* Views */ = {
			isa = PBXGroup;
			children = (
				D2B1A9A320243D7E00619703 /* HJVideoMaskView.m */,
				D2B1A9A420243D7E00619703 /* HJBufferSlider.h */,
				D2B1A9A520243D7E00619703 /* HJFastForwardView.m */,
				D2B1A9A620243D7E00619703 /* HJPlayerView.h */,
				D2B1A9A720243D7E00619703 /* HJVideoBottomView.h */,
				D2B1A9A820243D7E00619703 /* HJVideoSettingView.m */,
				D2B1A9A920243D7E00619703 /* HJCircleLoading.m */,
				D2B1A9AA20243D7E00619703 /* HJVideoPlayerController.m */,
				D2B1A9AB20243D7E00619703 /* HJVideoTopView.h */,
				D2B1A9AC20243D7E00619703 /* HJPlayerView.m */,
				D2B1A9AD20243D7E00619703 /* HJFastForwardView.h */,
				D2B1A9AE20243D7E00619703 /* HJBufferSlider.m */,
				D2B1A9AF20243D7E00619703 /* HJVideoMaskView.h */,
				D2B1A9B020243D7E00619703 /* HJVideoBottomView.m */,
				D2B1A9B120243D7E00619703 /* HJVideoSettingView.h */,
				D2B1A9B220243D7E00619703 /* HJVideoTopView.m */,
				D2B1A9B320243D7E00619703 /* HJCircleLoading.h */,
				D2B1A9B420243D7E00619703 /* HJVideoPlayerController.h */,
			);
			path = Views;
			sourceTree = "<group>";
		};
/* End PBXGroup section */

/* Begin PBXNativeTarget section */
		D29B1C46200C404900E37C21 /* HJVideoPlayer */ = {
			isa = PBXNativeTarget;
			buildConfigurationList = D29B1C73200C404900E37C21 /* Build configuration list for PBXNativeTarget "HJVideoPlayer" */;
			buildPhases = (
				D29B1C43200C404900E37C21 /* Sources */,
				D29B1C44200C404900E37C21 /* Frameworks */,
				D29B1C45200C404900E37C21 /* Resources */,
			);
			buildRules = (
			);
			dependencies = (
			);
			name = HJVideoPlayer;
			productName = HJVideoPlayer;
			productReference = D29B1C47200C404900E37C21 /* HJVideoPlayer.app */;
			productType = "com.apple.product-type.application";
		};
		D29B1C5E200C404900E37C21 /* HJVideoPlayerTests */ = {
			isa = PBXNativeTarget;
			buildConfigurationList = D29B1C76200C404900E37C21 /* Build configuration list for PBXNativeTarget "HJVideoPlayerTests" */;
			buildPhases = (
				D29B1C5B200C404900E37C21 /* Sources */,
				D29B1C5C200C404900E37C21 /* Frameworks */,
				D29B1C5D200C404900E37C21 /* Resources */,
			);
			buildRules = (
			);
			dependencies = (
				D29B1C61200C404900E37C21 /* PBXTargetDependency */,
			);
			name = HJVideoPlayerTests;
			productName = HJVideoPlayerTests;
			productReference = D29B1C5F200C404900E37C21 /* HJVideoPlayerTests.xctest */;
			productType = "com.apple.product-type.bundle.unit-test";
		};
		D29B1C69200C404900E37C21 /* HJVideoPlayerUITests */ = {
			isa = PBXNativeTarget;
			buildConfigurationList = D29B1C79200C404900E37C21 /* Build configuration list for PBXNativeTarget "HJVideoPlayerUITests" */;
			buildPhases = (
				D29B1C66200C404900E37C21 /* Sources */,
				D29B1C67200C404900E37C21 /* Frameworks */,
				D29B1C68200C404900E37C21 /* Resources */,
			);
			buildRules = (
			);
			dependencies = (
				D29B1C6C200C404900E37C21 /* PBXTargetDependency */,
			);
			name = HJVideoPlayerUITests;
			productName = HJVideoPlayerUITests;
			productReference = D29B1C6A200C404900E37C21 /* HJVideoPlayerUITests.xctest */;
			productType = "com.apple.product-type.bundle.ui-testing";
		};
/* End PBXNativeTarget section */

/* Begin PBXProject section */
		D29B1C3F200C404900E37C21 /* Project object */ = {
			isa = PBXProject;
			attributes = {
				LastUpgradeCheck = 0920;
				ORGANIZATIONNAME = WHJ;
				TargetAttributes = {
					D29B1C46200C404900E37C21 = {
						CreatedOnToolsVersion = 9.2;
						ProvisioningStyle = Automatic;
					};
					D29B1C5E200C404900E37C21 = {
						CreatedOnToolsVersion = 9.2;
						ProvisioningStyle = Automatic;
						TestTargetID = D29B1C46200C404900E37C21;
					};
					D29B1C69200C404900E37C21 = {
						CreatedOnToolsVersion = 9.2;
						ProvisioningStyle = Automatic;
						TestTargetID = D29B1C46200C404900E37C21;
					};
				};
			};
			buildConfigurationList = D29B1C42200C404900E37C21 /* Build configuration list for PBXProject "HJVideoPlayer" */;
			compatibilityVersion = "Xcode 8.0";
			developmentRegion = en;
			hasScannedForEncodings = 0;
			knownRegions = (
				en,
				Base,
			);
			mainGroup = D29B1C3E200C404900E37C21;
			productRefGroup = D29B1C48200C404900E37C21 /* Products */;
			projectDirPath = "";
			projectRoot = "";
			targets = (
				D29B1C46200C404900E37C21 /* HJVideoPlayer */,
				D29B1C5E200C404900E37C21 /* HJVideoPlayerTests */,
				D29B1C69200C404900E37C21 /* HJVideoPlayerUITests */,
			);
		};
/* End PBXProject section */

/* Begin PBXResourcesBuildPhase section */
		D29B1C45200C404900E37C21 /* Resources */ = {
			isa = PBXResourcesBuildPhase;
			buildActionMask = 2147483647;
			files = (
				D29B1CAF200C41BE00E37C21 /* Assets.xcassets in Resources */,
				D2B1A9B520243D7E00619703 /* videoImages.bundle in Resources */,
				D2B1A9B620243D7E00619703 /* HJVideoAssets.xcassets in Resources */,
				D29B1CB6200C41BE00E37C21 /* Info.plist in Resources */,
			);
			runOnlyForDeploymentPostprocessing = 0;
		};
		D29B1C5D200C404900E37C21 /* Resources */ = {
			isa = PBXResourcesBuildPhase;
			buildActionMask = 2147483647;
			files = (
			);
			runOnlyForDeploymentPostprocessing = 0;
		};
		D29B1C68200C404900E37C21 /* Resources */ = {
			isa = PBXResourcesBuildPhase;
			buildActionMask = 2147483647;
			files = (
			);
			runOnlyForDeploymentPostprocessing = 0;
		};
/* End PBXResourcesBuildPhase section */

/* Begin PBXSourcesBuildPhase section */
		D29B1C43200C404900E37C21 /* Sources */ = {
			isa = PBXSourcesBuildPhase;
			buildActionMask = 2147483647;
			files = (
				D2B1A9BE20243D7E00619703 /* UIImage+getImage.m in Sources */,
				D2B1A9C320243D7E00619703 /* HJVideoSettingView.m in Sources */,
				D2B1A9BA20243D7E00619703 /* AppDelegate+HJVideoRotation.m in Sources */,
				D2B1A9B820243D7E00619703 /* HJVideoTimeUtil.m in Sources */,
				D2B1A9C720243D7E00619703 /* HJBufferSlider.m in Sources */,
				D2B1A9C920243D7E00619703 /* HJVideoTopView.m in Sources */,
				D2B1A9C420243D7E00619703 /* HJCircleLoading.m in Sources */,
				D2B1A9C120243D7E00619703 /* HJVideoMaskView.m in Sources */,
				D2B1A9C820243D7E00619703 /* HJVideoBottomView.m in Sources */,
				D2B1A9BB20243D7E00619703 /* HJVideoPlayerUtil.m in Sources */,
				D2B1A9C620243D7E00619703 /* HJPlayerView.m in Sources */,
				D2B1A9172022E53A00619703 /* AppDelegate.m in Sources */,
				D29B1CB1200C41BE00E37C21 /* main.m in Sources */,
				D2B1A9C520243D7E00619703 /* HJVideoPlayerController.m in Sources */,
				D2B1A9BD20243D7E00619703 /* HJVideoPlayManager.m in Sources */,
				D2B1A9BF20243D7E00619703 /* HJVideoConfigModel.m in Sources */,
				D2B1A9162022E53A00619703 /* HJVideoListController.m in Sources */,
				D2B1A9B920243D7E00619703 /* UIDevice+HJVideoRotation.m in Sources */,
				D2B1A9B720243D7E00619703 /* HJViewFactory.m in Sources */,
				D2B1A9152022E53A00619703 /* ViewController.m in Sources */,
				D2B1A9BC20243D7E00619703 /* HJVideoUIManager.m in Sources */,
				D2B1A9C220243D7E00619703 /* HJFastForwardView.m in Sources */,
				D2B1A9C020243D7E00619703 /* HJVideoPlayTimeRecord.m in Sources */,
			);
			runOnlyForDeploymentPostprocessing = 0;
		};
		D29B1C5B200C404900E37C21 /* Sources */ = {
			isa = PBXSourcesBuildPhase;
			buildActionMask = 2147483647;
			files = (
				D29B1C64200C404900E37C21 /* HJVideoPlayerTests.m in Sources */,
			);
			runOnlyForDeploymentPostprocessing = 0;
		};
		D29B1C66200C404900E37C21 /* Sources */ = {
			isa = PBXSourcesBuildPhase;
			buildActionMask = 2147483647;
			files = (
				D29B1C6F200C404900E37C21 /* HJVideoPlayerUITests.m in Sources */,
			);
			runOnlyForDeploymentPostprocessing = 0;
		};
/* End PBXSourcesBuildPhase section */

/* Begin PBXTargetDependency section */
		D29B1C61200C404900E37C21 /* PBXTargetDependency */ = {
			isa = PBXTargetDependency;
			target = D29B1C46200C404900E37C21 /* HJVideoPlayer */;
			targetProxy = D29B1C60200C404900E37C21 /* PBXContainerItemProxy */;
		};
		D29B1C6C200C404900E37C21 /* PBXTargetDependency */ = {
			isa = PBXTargetDependency;
			target = D29B1C46200C404900E37C21 /* HJVideoPlayer */;
			targetProxy = D29B1C6B200C404900E37C21 /* PBXContainerItemProxy */;
		};
/* End PBXTargetDependency section */

/* Begin XCBuildConfiguration section */
		D29B1C71200C404900E37C21 /* Debug */ = {
			isa = XCBuildConfiguration;
			buildSettings = {
				ALWAYS_SEARCH_USER_PATHS = NO;
				CLANG_ANALYZER_NONNULL = YES;
				CLANG_ANALYZER_NUMBER_OBJECT_CONVERSION = YES_AGGRESSIVE;
				CLANG_CXX_LANGUAGE_STANDARD = "gnu++14";
				CLANG_CXX_LIBRARY = "libc++";
				CLANG_ENABLE_MODULES = YES;
				CLANG_ENABLE_OBJC_ARC = YES;
				CLANG_WARN_BLOCK_CAPTURE_AUTORELEASING = YES;
				CLANG_WARN_BOOL_CONVERSION = YES;
				CLANG_WARN_COMMA = YES;
				CLANG_WARN_CONSTANT_CONVERSION = YES;
				CLANG_WARN_DIRECT_OBJC_ISA_USAGE = YES_ERROR;
				CLANG_WARN_DOCUMENTATION_COMMENTS = YES;
				CLANG_WARN_EMPTY_BODY = YES;
				CLANG_WARN_ENUM_CONVERSION = YES;
				CLANG_WARN_INFINITE_RECURSION = YES;
				CLANG_WARN_INT_CONVERSION = YES;
				CLANG_WARN_NON_LITERAL_NULL_CONVERSION = YES;
				CLANG_WARN_OBJC_LITERAL_CONVERSION = YES;
				CLANG_WARN_OBJC_ROOT_CLASS = YES_ERROR;
				CLANG_WARN_RANGE_LOOP_ANALYSIS = YES;
				CLANG_WARN_STRICT_PROTOTYPES = YES;
				CLANG_WARN_SUSPICIOUS_MOVE = YES;
				CLANG_WARN_UNGUARDED_AVAILABILITY = YES_AGGRESSIVE;
				CLANG_WARN_UNREACHABLE_CODE = YES;
				CLANG_WARN__DUPLICATE_METHOD_MATCH = YES;
				CODE_SIGN_IDENTITY = "iPhone Developer";
				COPY_PHASE_STRIP = NO;
				DEBUG_INFORMATION_FORMAT = dwarf;
				ENABLE_STRICT_OBJC_MSGSEND = YES;
				ENABLE_TESTABILITY = YES;
				GCC_C_LANGUAGE_STANDARD = gnu11;
				GCC_DYNAMIC_NO_PIC = NO;
				GCC_NO_COMMON_BLOCKS = YES;
				GCC_OPTIMIZATION_LEVEL = 0;
				GCC_PREPROCESSOR_DEFINITIONS = (
					"DEBUG=1",
					"$(inherited)",
				);
				GCC_WARN_64_TO_32_BIT_CONVERSION = YES;
				GCC_WARN_ABOUT_RETURN_TYPE = YES_ERROR;
				GCC_WARN_UNDECLARED_SELECTOR = YES;
				GCC_WARN_UNINITIALIZED_AUTOS = YES_AGGRESSIVE;
				GCC_WARN_UNUSED_FUNCTION = YES;
				GCC_WARN_UNUSED_VARIABLE = YES;
				IPHONEOS_DEPLOYMENT_TARGET = 11.2;
				MTL_ENABLE_DEBUG_INFO = YES;
				ONLY_ACTIVE_ARCH = YES;
				SDKROOT = iphoneos;
			};
			name = Debug;
		};
		D29B1C72200C404900E37C21 /* Release */ = {
			isa = XCBuildConfiguration;
			buildSettings = {
				ALWAYS_SEARCH_USER_PATHS = NO;
				CLANG_ANALYZER_NONNULL = YES;
				CLANG_ANALYZER_NUMBER_OBJECT_CONVERSION = YES_AGGRESSIVE;
				CLANG_CXX_LANGUAGE_STANDARD = "gnu++14";
				CLANG_CXX_LIBRARY = "libc++";
				CLANG_ENABLE_MODULES = YES;
				CLANG_ENABLE_OBJC_ARC = YES;
				CLANG_WARN_BLOCK_CAPTURE_AUTORELEASING = YES;
				CLANG_WARN_BOOL_CONVERSION = YES;
				CLANG_WARN_COMMA = YES;
				CLANG_WARN_CONSTANT_CONVERSION = YES;
				CLANG_WARN_DIRECT_OBJC_ISA_USAGE = YES_ERROR;
				CLANG_WARN_DOCUMENTATION_COMMENTS = YES;
				CLANG_WARN_EMPTY_BODY = YES;
				CLANG_WARN_ENUM_CONVERSION = YES;
				CLANG_WARN_INFINITE_RECURSION = YES;
				CLANG_WARN_INT_CONVERSION = YES;
				CLANG_WARN_NON_LITERAL_NULL_CONVERSION = YES;
				CLANG_WARN_OBJC_LITERAL_CONVERSION = YES;
				CLANG_WARN_OBJC_ROOT_CLASS = YES_ERROR;
				CLANG_WARN_RANGE_LOOP_ANALYSIS = YES;
				CLANG_WARN_STRICT_PROTOTYPES = YES;
				CLANG_WARN_SUSPICIOUS_MOVE = YES;
				CLANG_WARN_UNGUARDED_AVAILABILITY = YES_AGGRESSIVE;
				CLANG_WARN_UNREACHABLE_CODE = YES;
				CLANG_WARN__DUPLICATE_METHOD_MATCH = YES;
				CODE_SIGN_IDENTITY = "iPhone Developer";
				COPY_PHASE_STRIP = NO;
				DEBUG_INFORMATION_FORMAT = "dwarf-with-dsym";
				ENABLE_NS_ASSERTIONS = NO;
				ENABLE_STRICT_OBJC_MSGSEND = YES;
				GCC_C_LANGUAGE_STANDARD = gnu11;
				GCC_NO_COMMON_BLOCKS = YES;
				GCC_WARN_64_TO_32_BIT_CONVERSION = YES;
				GCC_WARN_ABOUT_RETURN_TYPE = YES_ERROR;
				GCC_WARN_UNDECLARED_SELECTOR = YES;
				GCC_WARN_UNINITIALIZED_AUTOS = YES_AGGRESSIVE;
				GCC_WARN_UNUSED_FUNCTION = YES;
				GCC_WARN_UNUSED_VARIABLE = YES;
				IPHONEOS_DEPLOYMENT_TARGET = 11.2;
				MTL_ENABLE_DEBUG_INFO = NO;
				SDKROOT = iphoneos;
				VALIDATE_PRODUCT = YES;
			};
			name = Release;
		};
		D29B1C74200C404900E37C21 /* Debug */ = {
			isa = XCBuildConfiguration;
			buildSettings = {
				ASSETCATALOG_COMPILER_APPICON_NAME = AppIcon;
				CODE_SIGN_STYLE = Automatic;
				DEVELOPMENT_TEAM = 7BY6XUZ4WR;
				INFOPLIST_FILE = HJVideoPlayer/Info.plist;
				IPHONEOS_DEPLOYMENT_TARGET = 8.0;
				LD_RUNPATH_SEARCH_PATHS = "$(inherited) @executable_path/Frameworks";
				PRODUCT_BUNDLE_IDENTIFIER = com.psl.whj.HJVideoPlayer;
				PRODUCT_NAME = "$(TARGET_NAME)";
				TARGETED_DEVICE_FAMILY = 1;
			};
			name = Debug;
		};
		D29B1C75200C404900E37C21 /* Release */ = {
			isa = XCBuildConfiguration;
			buildSettings = {
				ASSETCATALOG_COMPILER_APPICON_NAME = AppIcon;
				CODE_SIGN_STYLE = Automatic;
				DEVELOPMENT_TEAM = 7BY6XUZ4WR;
				INFOPLIST_FILE = HJVideoPlayer/Info.plist;
				IPHONEOS_DEPLOYMENT_TARGET = 8.0;
				LD_RUNPATH_SEARCH_PATHS = "$(inherited) @executable_path/Frameworks";
				PRODUCT_BUNDLE_IDENTIFIER = com.psl.whj.HJVideoPlayer;
				PRODUCT_NAME = "$(TARGET_NAME)";
				TARGETED_DEVICE_FAMILY = 1;
			};
			name = Release;
		};
		D29B1C77200C404900E37C21 /* Debug */ = {
			isa = XCBuildConfiguration;
			buildSettings = {
				BUNDLE_LOADER = "$(TEST_HOST)";
				CODE_SIGN_STYLE = Automatic;
				DEVELOPMENT_TEAM = 2PZMTS6D3B;
				INFOPLIST_FILE = HJVideoPlayerTests/Info.plist;
				LD_RUNPATH_SEARCH_PATHS = "$(inherited) @executable_path/Frameworks @loader_path/Frameworks";
				PRODUCT_BUNDLE_IDENTIFIER = com.psl.whj.HJVideoPlayerTests;
				PRODUCT_NAME = "$(TARGET_NAME)";
				TARGETED_DEVICE_FAMILY = "1,2";
				TEST_HOST = "$(BUILT_PRODUCTS_DIR)/HJVideoPlayer.app/HJVideoPlayer";
			};
			name = Debug;
		};
		D29B1C78200C404900E37C21 /* Release */ = {
			isa = XCBuildConfiguration;
			buildSettings = {
				BUNDLE_LOADER = "$(TEST_HOST)";
				CODE_SIGN_STYLE = Automatic;
				DEVELOPMENT_TEAM = 2PZMTS6D3B;
				INFOPLIST_FILE = HJVideoPlayerTests/Info.plist;
				LD_RUNPATH_SEARCH_PATHS = "$(inherited) @executable_path/Frameworks @loader_path/Frameworks";
				PRODUCT_BUNDLE_IDENTIFIER = com.psl.whj.HJVideoPlayerTests;
				PRODUCT_NAME = "$(TARGET_NAME)";
				TARGETED_DEVICE_FAMILY = "1,2";
				TEST_HOST = "$(BUILT_PRODUCTS_DIR)/HJVideoPlayer.app/HJVideoPlayer";
			};
			name = Release;
		};
		D29B1C7A200C404900E37C21 /* Debug */ = {
			isa = XCBuildConfiguration;
			buildSettings = {
				CODE_SIGN_STYLE = Automatic;
				DEVELOPMENT_TEAM = 2PZMTS6D3B;
				INFOPLIST_FILE = HJVideoPlayerUITests/Info.plist;
				LD_RUNPATH_SEARCH_PATHS = "$(inherited) @executable_path/Frameworks @loader_path/Frameworks";
				PRODUCT_BUNDLE_IDENTIFIER = com.psl.whj.HJVideoPlayerUITests;
				PRODUCT_NAME = "$(TARGET_NAME)";
				TARGETED_DEVICE_FAMILY = "1,2";
				TEST_TARGET_NAME = HJVideoPlayer;
			};
			name = Debug;
		};
		D29B1C7B200C404900E37C21 /* Release */ = {
			isa = XCBuildConfiguration;
			buildSettings = {
				CODE_SIGN_STYLE = Automatic;
				DEVELOPMENT_TEAM = 2PZMTS6D3B;
				INFOPLIST_FILE = HJVideoPlayerUITests/Info.plist;
				LD_RUNPATH_SEARCH_PATHS = "$(inherited) @executable_path/Frameworks @loader_path/Frameworks";
				PRODUCT_BUNDLE_IDENTIFIER = com.psl.whj.HJVideoPlayerUITests;
				PRODUCT_NAME = "$(TARGET_NAME)";
				TARGETED_DEVICE_FAMILY = "1,2";
				TEST_TARGET_NAME = HJVideoPlayer;
			};
			name = Release;
		};
/* End XCBuildConfiguration section */

/* Begin XCConfigurationList section */
		D29B1C42200C404900E37C21 /* Build configuration list for PBXProject "HJVideoPlayer" */ = {
			isa = XCConfigurationList;
			buildConfigurations = (
				D29B1C71200C404900E37C21 /* Debug */,
				D29B1C72200C404900E37C21 /* Release */,
			);
			defaultConfigurationIsVisible = 0;
			defaultConfigurationName = Release;
		};
		D29B1C73200C404900E37C21 /* Build configuration list for PBXNativeTarget "HJVideoPlayer" */ = {
			isa = XCConfigurationList;
			buildConfigurations = (
				D29B1C74200C404900E37C21 /* Debug */,
				D29B1C75200C404900E37C21 /* Release */,
			);
			defaultConfigurationIsVisible = 0;
			defaultConfigurationName = Release;
		};
		D29B1C76200C404900E37C21 /* Build configuration list for PBXNativeTarget "HJVideoPlayerTests" */ = {
			isa = XCConfigurationList;
			buildConfigurations = (
				D29B1C77200C404900E37C21 /* Debug */,
				D29B1C78200C404900E37C21 /* Release */,
			);
			defaultConfigurationIsVisible = 0;
			defaultConfigurationName = Release;
		};
		D29B1C79200C404900E37C21 /* Build configuration list for PBXNativeTarget "HJVideoPlayerUITests" */ = {
			isa = XCConfigurationList;
			buildConfigurations = (
				D29B1C7A200C404900E37C21 /* Debug */,
				D29B1C7B200C404900E37C21 /* Release */,
			);
			defaultConfigurationIsVisible = 0;
			defaultConfigurationName = Release;
		};
/* End XCConfigurationList section */
	};
	rootObject = D29B1C3F200C404900E37C21 /* Project object */;
}
